// !$*UTF8*$!
{
	archiveVersion = 1;
	classes = {
	};
	objectVersion = 56;
	objects = {

/* Begin PBXBuildFile section */
		AF427EB02CA276EF00580419 /* FollowerCell.swift in Sources */ = {isa = PBXBuildFile; fileRef = AF427EAF2CA276EF00580419 /* FollowerCell.swift */; };
		AF427EB22CA2778A00580419 /* GFAvatarImageView.swift in Sources */ = {isa = PBXBuildFile; fileRef = AF427EB12CA2778A00580419 /* GFAvatarImageView.swift */; };
		AF427EB52CA2DEDE00580419 /* UIHelper.swift in Sources */ = {isa = PBXBuildFile; fileRef = AF427EB42CA2DEDE00580419 /* UIHelper.swift */; };
		AF427EBD2CA6909100580419 /* GFEmptyStateView.swift in Sources */ = {isa = PBXBuildFile; fileRef = AF427EBC2CA6909100580419 /* GFEmptyStateView.swift */; };
		AF6B93F72C9BD0EE00892982 /* AppDelegate.swift in Sources */ = {isa = PBXBuildFile; fileRef = AF6B93F62C9BD0EE00892982 /* AppDelegate.swift */; };
		AF6B93F92C9BD0EE00892982 /* SceneDelegate.swift in Sources */ = {isa = PBXBuildFile; fileRef = AF6B93F82C9BD0EE00892982 /* SceneDelegate.swift */; };
		AF6B94002C9BD0F000892982 /* Assets.xcassets in Resources */ = {isa = PBXBuildFile; fileRef = AF6B93FF2C9BD0F000892982 /* Assets.xcassets */; };
		AF6B94032C9BD0F000892982 /* Base in Resources */ = {isa = PBXBuildFile; fileRef = AF6B94022C9BD0F000892982 /* Base */; };
		AF6B940B2C9C396F00892982 /* SearchVC.swift in Sources */ = {isa = PBXBuildFile; fileRef = AF6B940A2C9C396F00892982 /* SearchVC.swift */; };
		AF6B940D2C9C39B000892982 /* FavoriteListVC.swift in Sources */ = {isa = PBXBuildFile; fileRef = AF6B940C2C9C39B000892982 /* FavoriteListVC.swift */; };
		AF6B94112C9C409900892982 /* GFButton.swift in Sources */ = {isa = PBXBuildFile; fileRef = AF6B94102C9C409900892982 /* GFButton.swift */; };
		AFAFE2D22C9C453700633F8C /* GFTextField.swift in Sources */ = {isa = PBXBuildFile; fileRef = AFAFE2D12C9C453700633F8C /* GFTextField.swift */; };
		AFAFE2FD2CA1123D00633F8C /* FollowerListVC.swift in Sources */ = {isa = PBXBuildFile; fileRef = AFAFE2FC2CA1123D00633F8C /* FollowerListVC.swift */; };
		AFAFE3002CA1233900633F8C /* GFTitleLabel.swift in Sources */ = {isa = PBXBuildFile; fileRef = AFAFE2FF2CA1233900633F8C /* GFTitleLabel.swift */; };
		AFAFE3022CA1258B00633F8C /* GFBodyLabel.swift in Sources */ = {isa = PBXBuildFile; fileRef = AFAFE3012CA1258B00633F8C /* GFBodyLabel.swift */; };
		AFAFE3042CA1264100633F8C /* GFAlertVC.swift in Sources */ = {isa = PBXBuildFile; fileRef = AFAFE3032CA1264100633F8C /* GFAlertVC.swift */; };
		AFAFE3062CA12D6700633F8C /* UIViewController+Ext.swift in Sources */ = {isa = PBXBuildFile; fileRef = AFAFE3052CA12D6700633F8C /* UIViewController+Ext.swift */; };
		AFAFE30C2CA25B0000633F8C /* Follower.swift in Sources */ = {isa = PBXBuildFile; fileRef = AFAFE30B2CA25B0000633F8C /* Follower.swift */; };
		AFAFE30E2CA25CF000633F8C /* User.swift in Sources */ = {isa = PBXBuildFile; fileRef = AFAFE30D2CA25CF000633F8C /* User.swift */; };
		AFAFE3112CA2626A00633F8C /* NetworkManager.swift in Sources */ = {isa = PBXBuildFile; fileRef = AFAFE3102CA2626A00633F8C /* NetworkManager.swift */; };
		AFAFE3142CA26E9500633F8C /* ErrorMessage.swift in Sources */ = {isa = PBXBuildFile; fileRef = AFAFE3132CA26E9500633F8C /* ErrorMessage.swift */; };
/* End PBXBuildFile section */

/* Begin PBXFileReference section */
		AF427EAF2CA276EF00580419 /* FollowerCell.swift */ = {isa = PBXFileReference; lastKnownFileType = sourcecode.swift; path = FollowerCell.swift; sourceTree = "<group>"; };
		AF427EB12CA2778A00580419 /* GFAvatarImageView.swift */ = {isa = PBXFileReference; lastKnownFileType = sourcecode.swift; path = GFAvatarImageView.swift; sourceTree = "<group>"; };
		AF427EB42CA2DEDE00580419 /* UIHelper.swift */ = {isa = PBXFileReference; lastKnownFileType = sourcecode.swift; path = UIHelper.swift; sourceTree = "<group>"; };
		AF427EBC2CA6909100580419 /* GFEmptyStateView.swift */ = {isa = PBXFileReference; lastKnownFileType = sourcecode.swift; path = GFEmptyStateView.swift; sourceTree = "<group>"; };
		AF6B93F32C9BD0EE00892982 /* GitHubFollowers.app */ = {isa = PBXFileReference; explicitFileType = wrapper.application; includeInIndex = 0; path = GitHubFollowers.app; sourceTree = BUILT_PRODUCTS_DIR; };
		AF6B93F62C9BD0EE00892982 /* AppDelegate.swift */ = {isa = PBXFileReference; lastKnownFileType = sourcecode.swift; path = AppDelegate.swift; sourceTree = "<group>"; };
		AF6B93F82C9BD0EE00892982 /* SceneDelegate.swift */ = {isa = PBXFileReference; lastKnownFileType = sourcecode.swift; path = SceneDelegate.swift; sourceTree = "<group>"; };
		AF6B93FF2C9BD0F000892982 /* Assets.xcassets */ = {isa = PBXFileReference; lastKnownFileType = folder.assetcatalog; path = Assets.xcassets; sourceTree = "<group>"; };
		AF6B94022C9BD0F000892982 /* Base */ = {isa = PBXFileReference; lastKnownFileType = file.storyboard; name = Base; path = Base.lproj/LaunchScreen.storyboard; sourceTree = "<group>"; };
		AF6B94042C9BD0F000892982 /* Info.plist */ = {isa = PBXFileReference; lastKnownFileType = text.plist.xml; path = Info.plist; sourceTree = "<group>"; };
		AF6B940A2C9C396F00892982 /* SearchVC.swift */ = {isa = PBXFileReference; lastKnownFileType = sourcecode.swift; path = SearchVC.swift; sourceTree = "<group>"; };
		AF6B940C2C9C39B000892982 /* FavoriteListVC.swift */ = {isa = PBXFileReference; lastKnownFileType = sourcecode.swift; path = FavoriteListVC.swift; sourceTree = "<group>"; };
		AF6B94102C9C409900892982 /* GFButton.swift */ = {isa = PBXFileReference; lastKnownFileType = sourcecode.swift; path = GFButton.swift; sourceTree = "<group>"; };
		AFAFE2D12C9C453700633F8C /* GFTextField.swift */ = {isa = PBXFileReference; lastKnownFileType = sourcecode.swift; path = GFTextField.swift; sourceTree = "<group>"; };
		AFAFE2FC2CA1123D00633F8C /* FollowerListVC.swift */ = {isa = PBXFileReference; lastKnownFileType = sourcecode.swift; path = FollowerListVC.swift; sourceTree = "<group>"; };
		AFAFE2FF2CA1233900633F8C /* GFTitleLabel.swift */ = {isa = PBXFileReference; lastKnownFileType = sourcecode.swift; path = GFTitleLabel.swift; sourceTree = "<group>"; };
		AFAFE3012CA1258B00633F8C /* GFBodyLabel.swift */ = {isa = PBXFileReference; lastKnownFileType = sourcecode.swift; path = GFBodyLabel.swift; sourceTree = "<group>"; };
		AFAFE3032CA1264100633F8C /* GFAlertVC.swift */ = {isa = PBXFileReference; lastKnownFileType = sourcecode.swift; path = GFAlertVC.swift; sourceTree = "<group>"; };
		AFAFE3052CA12D6700633F8C /* UIViewController+Ext.swift */ = {isa = PBXFileReference; lastKnownFileType = sourcecode.swift; path = "UIViewController+Ext.swift"; sourceTree = "<group>"; };
		AFAFE30B2CA25B0000633F8C /* Follower.swift */ = {isa = PBXFileReference; lastKnownFileType = sourcecode.swift; path = Follower.swift; sourceTree = "<group>"; };
		AFAFE30D2CA25CF000633F8C /* User.swift */ = {isa = PBXFileReference; lastKnownFileType = sourcecode.swift; path = User.swift; sourceTree = "<group>"; };
		AFAFE3102CA2626A00633F8C /* NetworkManager.swift */ = {isa = PBXFileReference; lastKnownFileType = sourcecode.swift; path = NetworkManager.swift; sourceTree = "<group>"; };
		AFAFE3132CA26E9500633F8C /* ErrorMessage.swift */ = {isa = PBXFileReference; lastKnownFileType = sourcecode.swift; path = ErrorMessage.swift; sourceTree = "<group>"; };
/* End PBXFileReference section */

/* Begin PBXFrameworksBuildPhase section */
		AF6B93F02C9BD0EE00892982 /* Frameworks */ = {
			isa = PBXFrameworksBuildPhase;
			buildActionMask = 2147483647;
			files = (
			);
			runOnlyForDeploymentPostprocessing = 0;
		};
/* End PBXFrameworksBuildPhase section */

/* Begin PBXGroup section */
		AF427EAE2CA276BA00580419 /* Cells */ = {
			isa = PBXGroup;
			children = (
				AF427EAF2CA276EF00580419 /* FollowerCell.swift */,
			);
			path = Cells;
			sourceTree = "<group>";
		};
		AF427EB62CA6901D00580419 /* Views */ = {
			isa = PBXGroup;
			children = (
				AF427EBC2CA6909100580419 /* GFEmptyStateView.swift */,
			);
			path = Views;
			sourceTree = "<group>";
		};
		AF427EB72CA6902400580419 /* Button */ = {
			isa = PBXGroup;
			children = (
				AF6B94102C9C409900892982 /* GFButton.swift */,
			);
			path = Button;
			sourceTree = "<group>";
		};
		AF427EB82CA6902E00580419 /* TextField */ = {
			isa = PBXGroup;
			children = (
				AFAFE2D12C9C453700633F8C /* GFTextField.swift */,
			);
			path = TextField;
			sourceTree = "<group>";
		};
		AF427EB92CA6903B00580419 /* Image View */ = {
			isa = PBXGroup;
			children = (
			);
			path = "Image View";
			sourceTree = "<group>";
		};
		AF427EBA2CA6904500580419 /* View Controllers */ = {
			isa = PBXGroup;
			children = (
				AFAFE3032CA1264100633F8C /* GFAlertVC.swift */,
			);
			path = "View Controllers";
			sourceTree = "<group>";
		};
		AF427EBB2CA6905E00580419 /* Labels */ = {
			isa = PBXGroup;
			children = (
				AFAFE2FF2CA1233900633F8C /* GFTitleLabel.swift */,
				AFAFE3012CA1258B00633F8C /* GFBodyLabel.swift */,
			);
			path = Labels;
			sourceTree = "<group>";
		};
		AF6B93EA2C9BD0EE00892982 = {
			isa = PBXGroup;
			children = (
				AF6B93F52C9BD0EE00892982 /* GitHubFollowers */,
				AF6B93F42C9BD0EE00892982 /* Products */,
			);
			sourceTree = "<group>";
		};
		AF6B93F42C9BD0EE00892982 /* Products */ = {
			isa = PBXGroup;
			children = (
				AF6B93F32C9BD0EE00892982 /* GitHubFollowers.app */,
			);
			name = Products;
			sourceTree = "<group>";
		};
		AF6B93F52C9BD0EE00892982 /* GitHubFollowers */ = {
			isa = PBXGroup;
			children = (
				AF6B94042C9BD0F000892982 /* Info.plist */,
				AF6B93FF2C9BD0F000892982 /* Assets.xcassets */,
				AFAFE3122CA26E7B00633F8C /* Utilities */,
				AFAFE30F2CA2623E00633F8C /* Managers */,
				AFAFE30A2CA25AF300633F8C /* Model */,
				AFAFE3082CA1365F00633F8C /* Custom Views */,
				AFAFE3072CA1365400633F8C /* Extensions */,
				AFAFE2FE2CA1124D00633F8C /* Screens */,
				AFAFE3092CA136C400633F8C /* Support */,
			);
			path = GitHubFollowers;
			sourceTree = "<group>";
		};
		AFAFE2FE2CA1124D00633F8C /* Screens */ = {
			isa = PBXGroup;
			children = (
				AF6B940C2C9C39B000892982 /* FavoriteListVC.swift */,
				AFAFE2FC2CA1123D00633F8C /* FollowerListVC.swift */,
				AF6B940A2C9C396F00892982 /* SearchVC.swift */,
			);
			path = Screens;
			sourceTree = "<group>";
		};
		AFAFE3072CA1365400633F8C /* Extensions */ = {
			isa = PBXGroup;
			children = (
				AFAFE3052CA12D6700633F8C /* UIViewController+Ext.swift */,
			);
			path = Extensions;
			sourceTree = "<group>";
		};
		AFAFE3082CA1365F00633F8C /* Custom Views */ = {
			isa = PBXGroup;
			children = (
				AF427EBB2CA6905E00580419 /* Labels */,
				AF427EBA2CA6904500580419 /* View Controllers */,
				AF427EB92CA6903B00580419 /* Image View */,
				AF427EB82CA6902E00580419 /* TextField */,
				AF427EB72CA6902400580419 /* Button */,
				AF427EB62CA6901D00580419 /* Views */,
				AF427EAE2CA276BA00580419 /* Cells */,
				AF427EB12CA2778A00580419 /* GFAvatarImageView.swift */,
			);
			path = "Custom Views";
			sourceTree = "<group>";
		};
		AFAFE3092CA136C400633F8C /* Support */ = {
			isa = PBXGroup;
			children = (
				AF6B93F82C9BD0EE00892982 /* SceneDelegate.swift */,
				AF6B93F62C9BD0EE00892982 /* AppDelegate.swift */,
				AF6B94012C9BD0F000892982 /* LaunchScreen.storyboard */,
			);
			path = Support;
			sourceTree = "<group>";
		};
		AFAFE30A2CA25AF300633F8C /* Model */ = {
			isa = PBXGroup;
			children = (
				AFAFE30B2CA25B0000633F8C /* Follower.swift */,
				AFAFE30D2CA25CF000633F8C /* User.swift */,
			);
			path = Model;
			sourceTree = "<group>";
		};
		AFAFE30F2CA2623E00633F8C /* Managers */ = {
			isa = PBXGroup;
			children = (
				AFAFE3102CA2626A00633F8C /* NetworkManager.swift */,
			);
			path = Managers;
			sourceTree = "<group>";
		};
		AFAFE3122CA26E7B00633F8C /* Utilities */ = {
			isa = PBXGroup;
			children = (
				AFAFE3132CA26E9500633F8C /* ErrorMessage.swift */,
				AF427EB42CA2DEDE00580419 /* UIHelper.swift */,
			);
			path = Utilities;
			sourceTree = "<group>";
		};
/* End PBXGroup section */

/* Begin PBXNativeTarget section */
		AF6B93F22C9BD0EE00892982 /* GitHubFollowers */ = {
			isa = PBXNativeTarget;
			buildConfigurationList = AF6B94072C9BD0F000892982 /* Build configuration list for PBXNativeTarget "GitHubFollowers" */;
			buildPhases = (
				AF6B93EF2C9BD0EE00892982 /* Sources */,
				AF6B93F02C9BD0EE00892982 /* Frameworks */,
				AF6B93F12C9BD0EE00892982 /* Resources */,
			);
			buildRules = (
			);
			dependencies = (
			);
			name = GitHubFollowers;
			productName = GitHubFollowers;
			productReference = AF6B93F32C9BD0EE00892982 /* GitHubFollowers.app */;
			productType = "com.apple.product-type.application";
		};
/* End PBXNativeTarget section */

/* Begin PBXProject section */
		AF6B93EB2C9BD0EE00892982 /* Project object */ = {
			isa = PBXProject;
			attributes = {
				BuildIndependentTargetsInParallel = 1;
				LastSwiftUpdateCheck = 1540;
				LastUpgradeCheck = 1540;
				TargetAttributes = {
					AF6B93F22C9BD0EE00892982 = {
						CreatedOnToolsVersion = 15.4;
					};
				};
			};
			buildConfigurationList = AF6B93EE2C9BD0EE00892982 /* Build configuration list for PBXProject "GitHubFollowers" */;
			compatibilityVersion = "Xcode 14.0";
			developmentRegion = en;
			hasScannedForEncodings = 0;
			knownRegions = (
				en,
				Base,
			);
			mainGroup = AF6B93EA2C9BD0EE00892982;
			productRefGroup = AF6B93F42C9BD0EE00892982 /* Products */;
			projectDirPath = "";
			projectRoot = "";
			targets = (
				AF6B93F22C9BD0EE00892982 /* GitHubFollowers */,
			);
		};
/* End PBXProject section */

/* Begin PBXResourcesBuildPhase section */
		AF6B93F12C9BD0EE00892982 /* Resources */ = {
			isa = PBXResourcesBuildPhase;
			buildActionMask = 2147483647;
			files = (
				AF6B94002C9BD0F000892982 /* Assets.xcassets in Resources */,
				AF6B94032C9BD0F000892982 /* Base in Resources */,
			);
			runOnlyForDeploymentPostprocessing = 0;
		};
/* End PBXResourcesBuildPhase section */

/* Begin PBXSourcesBuildPhase section */
		AF6B93EF2C9BD0EE00892982 /* Sources */ = {
			isa = PBXSourcesBuildPhase;
			buildActionMask = 2147483647;
			files = (
				AFAFE30E2CA25CF000633F8C /* User.swift in Sources */,
				AFAFE2D22C9C453700633F8C /* GFTextField.swift in Sources */,
				AF6B940D2C9C39B000892982 /* FavoriteListVC.swift in Sources */,
				AF6B94112C9C409900892982 /* GFButton.swift in Sources */,
				AFAFE3062CA12D6700633F8C /* UIViewController+Ext.swift in Sources */,
				AF427EB52CA2DEDE00580419 /* UIHelper.swift in Sources */,
				AF427EB22CA2778A00580419 /* GFAvatarImageView.swift in Sources */,
				AF6B940B2C9C396F00892982 /* SearchVC.swift in Sources */,
				AFAFE3042CA1264100633F8C /* GFAlertVC.swift in Sources */,
				AF427EB02CA276EF00580419 /* FollowerCell.swift in Sources */,
				AFAFE3142CA26E9500633F8C /* ErrorMessage.swift in Sources */,
				AFAFE3022CA1258B00633F8C /* GFBodyLabel.swift in Sources */,
				AFAFE30C2CA25B0000633F8C /* Follower.swift in Sources */,
				AFAFE3002CA1233900633F8C /* GFTitleLabel.swift in Sources */,
				AF427EBD2CA6909100580419 /* GFEmptyStateView.swift in Sources */,
				AFAFE3112CA2626A00633F8C /* NetworkManager.swift in Sources */,
				AFAFE2FD2CA1123D00633F8C /* FollowerListVC.swift in Sources */,
				AF6B93F72C9BD0EE00892982 /* AppDelegate.swift in Sources */,
				AF6B93F92C9BD0EE00892982 /* SceneDelegate.swift in Sources */,
			);
			runOnlyForDeploymentPostprocessing = 0;
		};
/* End PBXSourcesBuildPhase section */

/* Begin PBXVariantGroup section */
		AF6B94012C9BD0F000892982 /* LaunchScreen.storyboard */ = {
			isa = PBXVariantGroup;
			children = (
				AF6B94022C9BD0F000892982 /* Base */,
			);
			name = LaunchScreen.storyboard;
			sourceTree = "<group>";
		};
/* End PBXVariantGroup section */

/* Begin XCBuildConfiguration section */
		AF6B94052C9BD0F000892982 /* Debug */ = {
			isa = XCBuildConfiguration;
			buildSettings = {
				ALWAYS_SEARCH_USER_PATHS = NO;
				ASSETCATALOG_COMPILER_GENERATE_SWIFT_ASSET_SYMBOL_EXTENSIONS = YES;
				CLANG_ANALYZER_NONNULL = YES;
				CLANG_ANALYZER_NUMBER_OBJECT_CONVERSION = YES_AGGRESSIVE;
				CLANG_CXX_LANGUAGE_STANDARD = "gnu++20";
				CLANG_ENABLE_MODULES = YES;
				CLANG_ENABLE_OBJC_ARC = YES;
				CLANG_ENABLE_OBJC_WEAK = YES;
				CLANG_WARN_BLOCK_CAPTURE_AUTORELEASING = YES;
				CLANG_WARN_BOOL_CONVERSION = YES;
				CLANG_WARN_COMMA = YES;
				CLANG_WARN_CONSTANT_CONVERSION = YES;
				CLANG_WARN_DEPRECATED_OBJC_IMPLEMENTATIONS = YES;
				CLANG_WARN_DIRECT_OBJC_ISA_USAGE = YES_ERROR;
				CLANG_WARN_DOCUMENTATION_COMMENTS = YES;
				CLANG_WARN_EMPTY_BODY = YES;
				CLANG_WARN_ENUM_CONVERSION = YES;
				CLANG_WARN_INFINITE_RECURSION = YES;
				CLANG_WARN_INT_CONVERSION = YES;
				CLANG_WARN_NON_LITERAL_NULL_CONVERSION = YES;
				CLANG_WARN_OBJC_IMPLICIT_RETAIN_SELF = YES;
				CLANG_WARN_OBJC_LITERAL_CONVERSION = YES;
				CLANG_WARN_OBJC_ROOT_CLASS = YES_ERROR;
				CLANG_WARN_QUOTED_INCLUDE_IN_FRAMEWORK_HEADER = YES;
				CLANG_WARN_RANGE_LOOP_ANALYSIS = YES;
				CLANG_WARN_STRICT_PROTOTYPES = YES;
				CLANG_WARN_SUSPICIOUS_MOVE = YES;
				CLANG_WARN_UNGUARDED_AVAILABILITY = YES_AGGRESSIVE;
				CLANG_WARN_UNREACHABLE_CODE = YES;
				CLANG_WARN__DUPLICATE_METHOD_MATCH = YES;
				COPY_PHASE_STRIP = NO;
				DEBUG_INFORMATION_FORMAT = dwarf;
				ENABLE_STRICT_OBJC_MSGSEND = YES;
				ENABLE_TESTABILITY = YES;
				ENABLE_USER_SCRIPT_SANDBOXING = YES;
				GCC_C_LANGUAGE_STANDARD = gnu17;
				GCC_DYNAMIC_NO_PIC = NO;
				GCC_NO_COMMON_BLOCKS = YES;
				GCC_OPTIMIZATION_LEVEL = 0;
				GCC_PREPROCESSOR_DEFINITIONS = (
					"DEBUG=1",
					"$(inherited)",
				);
				GCC_WARN_64_TO_32_BIT_CONVERSION = YES;
				GCC_WARN_ABOUT_RETURN_TYPE = YES_ERROR;
				GCC_WARN_UNDECLARED_SELECTOR = YES;
				GCC_WARN_UNINITIALIZED_AUTOS = YES_AGGRESSIVE;
				GCC_WARN_UNUSED_FUNCTION = YES;
				GCC_WARN_UNUSED_VARIABLE = YES;
				IPHONEOS_DEPLOYMENT_TARGET = 17.5;
				LOCALIZATION_PREFERS_STRING_CATALOGS = YES;
				MTL_ENABLE_DEBUG_INFO = INCLUDE_SOURCE;
				MTL_FAST_MATH = YES;
				ONLY_ACTIVE_ARCH = YES;
				SDKROOT = iphoneos;
				SWIFT_ACTIVE_COMPILATION_CONDITIONS = "DEBUG $(inherited)";
				SWIFT_OPTIMIZATION_LEVEL = "-Onone";
			};
			name = Debug;
		};
		AF6B94062C9BD0F000892982 /* Release */ = {
			isa = XCBuildConfiguration;
			buildSettings = {
				ALWAYS_SEARCH_USER_PATHS = NO;
				ASSETCATALOG_COMPILER_GENERATE_SWIFT_ASSET_SYMBOL_EXTENSIONS = YES;
				CLANG_ANALYZER_NONNULL = YES;
				CLANG_ANALYZER_NUMBER_OBJECT_CONVERSION = YES_AGGRESSIVE;
				CLANG_CXX_LANGUAGE_STANDARD = "gnu++20";
				CLANG_ENABLE_MODULES = YES;
				CLANG_ENABLE_OBJC_ARC = YES;
				CLANG_ENABLE_OBJC_WEAK = YES;
				CLANG_WARN_BLOCK_CAPTURE_AUTORELEASING = YES;
				CLANG_WARN_BOOL_CONVERSION = YES;
				CLANG_WARN_COMMA = YES;
				CLANG_WARN_CONSTANT_CONVERSION = YES;
				CLANG_WARN_DEPRECATED_OBJC_IMPLEMENTATIONS = YES;
				CLANG_WARN_DIRECT_OBJC_ISA_USAGE = YES_ERROR;
				CLANG_WARN_DOCUMENTATION_COMMENTS = YES;
				CLANG_WARN_EMPTY_BODY = YES;
				CLANG_WARN_ENUM_CONVERSION = YES;
				CLANG_WARN_INFINITE_RECURSION = YES;
				CLANG_WARN_INT_CONVERSION = YES;
				CLANG_WARN_NON_LITERAL_NULL_CONVERSION = YES;
				CLANG_WARN_OBJC_IMPLICIT_RETAIN_SELF = YES;
				CLANG_WARN_OBJC_LITERAL_CONVERSION = YES;
				CLANG_WARN_OBJC_ROOT_CLASS = YES_ERROR;
				CLANG_WARN_QUOTED_INCLUDE_IN_FRAMEWORK_HEADER = YES;
				CLANG_WARN_RANGE_LOOP_ANALYSIS = YES;
				CLANG_WARN_STRICT_PROTOTYPES = YES;
				CLANG_WARN_SUSPICIOUS_MOVE = YES;
				CLANG_WARN_UNGUARDED_AVAILABILITY = YES_AGGRESSIVE;
				CLANG_WARN_UNREACHABLE_CODE = YES;
				CLANG_WARN__DUPLICATE_METHOD_MATCH = YES;
				COPY_PHASE_STRIP = NO;
				DEBUG_INFORMATION_FORMAT = "dwarf-with-dsym";
				ENABLE_NS_ASSERTIONS = NO;
				ENABLE_STRICT_OBJC_MSGSEND = YES;
				ENABLE_USER_SCRIPT_SANDBOXING = YES;
				GCC_C_LANGUAGE_STANDARD = gnu17;
				GCC_NO_COMMON_BLOCKS = YES;
				GCC_WARN_64_TO_32_BIT_CONVERSION = YES;
				GCC_WARN_ABOUT_RETURN_TYPE = YES_ERROR;
				GCC_WARN_UNDECLARED_SELECTOR = YES;
				GCC_WARN_UNINITIALIZED_AUTOS = YES_AGGRESSIVE;
				GCC_WARN_UNUSED_FUNCTION = YES;
				GCC_WARN_UNUSED_VARIABLE = YES;
				IPHONEOS_DEPLOYMENT_TARGET = 17.5;
				LOCALIZATION_PREFERS_STRING_CATALOGS = YES;
				MTL_ENABLE_DEBUG_INFO = NO;
				MTL_FAST_MATH = YES;
				SDKROOT = iphoneos;
				SWIFT_COMPILATION_MODE = wholemodule;
				VALIDATE_PRODUCT = YES;
			};
			name = Release;
		};
		AF6B94082C9BD0F000892982 /* Debug */ = {
			isa = XCBuildConfiguration;
			buildSettings = {
				ASSETCATALOG_COMPILER_APPICON_NAME = AppIcon;
				ASSETCATALOG_COMPILER_GLOBAL_ACCENT_COLOR_NAME = AccentColor;
				CODE_SIGN_STYLE = Automatic;
				CURRENT_PROJECT_VERSION = 1;
				DEVELOPMENT_TEAM = N5MYS96KJV;
				GENERATE_INFOPLIST_FILE = YES;
				INFOPLIST_FILE = GitHubFollowers/Info.plist;
				INFOPLIST_KEY_UIApplicationSupportsIndirectInputEvents = YES;
				INFOPLIST_KEY_UILaunchStoryboardName = LaunchScreen;
				INFOPLIST_KEY_UISupportedInterfaceOrientations = UIInterfaceOrientationPortrait;
				INFOPLIST_KEY_UISupportedInterfaceOrientations_iPad = "UIInterfaceOrientationLandscapeLeft UIInterfaceOrientationLandscapeRight UIInterfaceOrientationPortrait UIInterfaceOrientationPortraitUpsideDown";
				LD_RUNPATH_SEARCH_PATHS = (
					"$(inherited)",
					"@executable_path/Frameworks",
				);
				MARKETING_VERSION = 1.0;
				PRODUCT_BUNDLE_IDENTIFIER = com.huang.GitHubFollowers;
				PRODUCT_NAME = "$(TARGET_NAME)";
				SUPPORTED_PLATFORMS = "iphoneos iphonesimulator";
				SUPPORTS_MACCATALYST = NO;
				SUPPORTS_MAC_DESIGNED_FOR_IPHONE_IPAD = NO;
				SUPPORTS_XR_DESIGNED_FOR_IPHONE_IPAD = NO;
				SWIFT_EMIT_LOC_STRINGS = YES;
				SWIFT_VERSION = 5.0;
				TARGETED_DEVICE_FAMILY = 1;
			};
			name = Debug;
		};
		AF6B94092C9BD0F000892982 /* Release */ = {
			isa = XCBuildConfiguration;
			buildSettings = {
				ASSETCATALOG_COMPILER_APPICON_NAME = AppIcon;
				ASSETCATALOG_COMPILER_GLOBAL_ACCENT_COLOR_NAME = AccentColor;
				CODE_SIGN_STYLE = Automatic;
				CURRENT_PROJECT_VERSION = 1;
				DEVELOPMENT_TEAM = N5MYS96KJV;
				GENERATE_INFOPLIST_FILE = YES;
				INFOPLIST_FILE = GitHubFollowers/Info.plist;
				INFOPLIST_KEY_UIApplicationSupportsIndirectInputEvents = YES;
				INFOPLIST_KEY_UILaunchStoryboardName = LaunchScreen;
				INFOPLIST_KEY_UISupportedInterfaceOrientations = UIInterfaceOrientationPortrait;
				INFOPLIST_KEY_UISupportedInterfaceOrientations_iPad = "UIInterfaceOrientationLandscapeLeft UIInterfaceOrientationLandscapeRight UIInterfaceOrientationPortrait UIInterfaceOrientationPortraitUpsideDown";
				LD_RUNPATH_SEARCH_PATHS = (
					"$(inherited)",
					"@executable_path/Frameworks",
				);
				MARKETING_VERSION = 1.0;
				PRODUCT_BUNDLE_IDENTIFIER = com.huang.GitHubFollowers;
				PRODUCT_NAME = "$(TARGET_NAME)";
				SUPPORTED_PLATFORMS = "iphoneos iphonesimulator";
				SUPPORTS_MACCATALYST = NO;
				SUPPORTS_MAC_DESIGNED_FOR_IPHONE_IPAD = NO;
				SUPPORTS_XR_DESIGNED_FOR_IPHONE_IPAD = NO;
				SWIFT_EMIT_LOC_STRINGS = YES;
				SWIFT_VERSION = 5.0;
				TARGETED_DEVICE_FAMILY = 1;
			};
			name = Release;
		};
/* End XCBuildConfiguration section */

/* Begin XCConfigurationList section */
		AF6B93EE2C9BD0EE00892982 /* Build configuration list for PBXProject "GitHubFollowers" */ = {
			isa = XCConfigurationList;
			buildConfigurations = (
				AF6B94052C9BD0F000892982 /* Debug */,
				AF6B94062C9BD0F000892982 /* Release */,
			);
			defaultConfigurationIsVisible = 0;
			defaultConfigurationName = Release;
		};
		AF6B94072C9BD0F000892982 /* Build configuration list for PBXNativeTarget "GitHubFollowers" */ = {
			isa = XCConfigurationList;
			buildConfigurations = (
				AF6B94082C9BD0F000892982 /* Debug */,
				AF6B94092C9BD0F000892982 /* Release */,
			);
			defaultConfigurationIsVisible = 0;
			defaultConfigurationName = Release;
		};
/* End XCConfigurationList section */
	};
	rootObject = AF6B93EB2C9BD0EE00892982 /* Project object */;
}
